
Microsoft Visual Studio Solution File, Format Version 12.00
# Visual Studio Version 17
VisualStudioVersion = 17.3.32901.215
MinimumVisualStudioVersion = 10.0.40219.1
Project("{9A19103F-16F7-4668-BE54-9A1E7A4F7556}") = "Shape", "ConsoleApp1\Shape.csproj", "{38C8F3E0-B914-4F55-AE76-8BE005D04CFF}"
EndProject
Global
	GlobalSection(SolutionConfigurationPlatforms) = preSolution
		Debug|Any CPU = Debug|Any CPU
		Release|Any CPU = Release|Any CPU
	EndGlobalSection
	GlobalSection(ProjectConfigurationPlatforms) = postSolution
		{38C8F3E0-B914-4F55-AE76-8BE005D04CFF}.Debug|Any CPU.ActiveCfg = Debug|Any CPU
		{38C8F3E0-B914-4F55-AE76-8BE005D04CFF}.Debug|Any CPU.Build.0 = Debug|Any CPU
		{38C8F3E0-B914-4F55-AE76-8BE005D04CFF}.Release|Any CPU.ActiveCfg = Release|Any CPU
		{38C8F3E0-B914-4F55-AE76-8BE005D04CFF}.Release|Any CPU.Build.0 = Release|Any CPU
	EndGlobalSection
	GlobalSection(SolutionProperties) = preSolution
		HideSolutionNode = FALSE
	EndGlobalSection
	GlobalSection(ExtensibilityGlobals) = postSolution
		SolutionGuid = {7CFCBCB6-4D5C-4223-84AB-30A29B4FBD04}
	EndGlobalSection
EndGlobal
